
Microsoft Visual Studio Solution File, Format Version 12.00
# Visual Studio Version 17
VisualStudioVersion = 17.3.32901.215
MinimumVisualStudioVersion = 10.0.40219.1
Project("{FAE04EC0-301F-11D3-BF4B-00C04F79EFBC}") = "Pr6.Zd.5", "Pr6.Zd.5\Pr6.Zd.5.csproj", "{C0196F32-CF5D-4F39-8BBD-17EDEAD72718}"
EndProject
Global
	GlobalSection(SolutionConfigurationPlatforms) = preSolution
		Debug|Any CPU = Debug|Any CPU
		Release|Any CPU = Release|Any CPU
	EndGlobalSection
	GlobalSection(ProjectConfigurationPlatforms) = postSolution
		{C0196F32-CF5D-4F39-8BBD-17EDEAD72718}.Debug|Any CPU.ActiveCfg = Debug|Any CPU
		{C0196F32-CF5D-4F39-8BBD-17EDEAD72718}.Debug|Any CPU.Build.0 = Debug|Any CPU
		{C0196F32-CF5D-4F39-8BBD-17EDEAD72718}.Release|Any CPU.ActiveCfg = Release|Any CPU
		{C0196F32-CF5D-4F39-8BBD-17EDEAD72718}.Release|Any CPU.Build.0 = Release|Any CPU
	EndGlobalSection
	GlobalSection(SolutionProperties) = preSolution
		HideSolutionNode = FALSE
	EndGlobalSection
	GlobalSection(ExtensibilityGlobals) = postSolution
		SolutionGuid = {4AFEDF8B-2666-4C9D-AD56-758C2EA0D4DD}
	EndGlobalSection
EndGlobal
